
Microsoft Visual Studio Solution File, Format Version 12.00
# Visual Studio Version 16
VisualStudioVersion = 16.0.31911.196
MinimumVisualStudioVersion = 10.0.40219.1
Project("{FAE04EC0-301F-11D3-BF4B-00C04F79EFBC}") = "AuthOnWeb", "AuthOnWeb\AuthOnWeb.csproj", "{130739A1-64E6-4BBD-84AD-156DB0F689C2}"
EndProject
Global
	GlobalSection(SolutionConfigurationPlatforms) = preSolution
		Debug|Any CPU = Debug|Any CPU
		Release|Any CPU = Release|Any CPU
	EndGlobalSection
	GlobalSection(ProjectConfigurationPlatforms) = postSolution
		{130739A1-64E6-4BBD-84AD-156DB0F689C2}.Debug|Any CPU.ActiveCfg = Debug|Any CPU
		{130739A1-64E6-4BBD-84AD-156DB0F689C2}.Debug|Any CPU.Build.0 = Debug|Any CPU
		{130739A1-64E6-4BBD-84AD-156DB0F689C2}.Release|Any CPU.ActiveCfg = Release|Any CPU
		{130739A1-64E6-4BBD-84AD-156DB0F689C2}.Release|Any CPU.Build.0 = Release|Any CPU
	EndGlobalSection
	GlobalSection(SolutionProperties) = preSolution
		HideSolutionNode = FALSE
	EndGlobalSection
	GlobalSection(ExtensibilityGlobals) = postSolution
		SolutionGuid = {1F93B800-5A23-4BCC-9E4A-843E28A2F684}
	EndGlobalSection
EndGlobal
